
Microsoft Visual Studio Solution File, Format Version 12.00
Project("{FAE04EC0-301F-11D3-BF4B-00C04F79EFBC}") = "AzureServiceBus.Console", "AzureServiceBus.Console\AzureServiceBus.Console.csproj", "{F183ED5B-8AA7-4BAD-89EB-A3457B3D70B0}"
EndProject
Project("{FAE04EC0-301F-11D3-BF4B-00C04F79EFBC}") = "AzureServiceBus.Consumer", "AzureServiceBus.Consumer\AzureServiceBus.Consumer.csproj", "{A096C43E-7E01-4938-94F7-5104EC6983DE}"
EndProject
Global
	GlobalSection(SolutionConfigurationPlatforms) = preSolution
		Debug|Any CPU = Debug|Any CPU
		Release|Any CPU = Release|Any CPU
	EndGlobalSection
	GlobalSection(ProjectConfigurationPlatforms) = postSolution
		{F183ED5B-8AA7-4BAD-89EB-A3457B3D70B0}.Debug|Any CPU.ActiveCfg = Debug|Any CPU
		{F183ED5B-8AA7-4BAD-89EB-A3457B3D70B0}.Debug|Any CPU.Build.0 = Debug|Any CPU
		{F183ED5B-8AA7-4BAD-89EB-A3457B3D70B0}.Release|Any CPU.ActiveCfg = Release|Any CPU
		{F183ED5B-8AA7-4BAD-89EB-A3457B3D70B0}.Release|Any CPU.Build.0 = Release|Any CPU
		{A096C43E-7E01-4938-94F7-5104EC6983DE}.Debug|Any CPU.ActiveCfg = Debug|Any CPU
		{A096C43E-7E01-4938-94F7-5104EC6983DE}.Debug|Any CPU.Build.0 = Debug|Any CPU
		{A096C43E-7E01-4938-94F7-5104EC6983DE}.Release|Any CPU.ActiveCfg = Release|Any CPU
		{A096C43E-7E01-4938-94F7-5104EC6983DE}.Release|Any CPU.Build.0 = Release|Any CPU
	EndGlobalSection
EndGlobal
